// !$*UTF8*$!
{
	archiveVersion = 1;
	classes = {
	};
	objectVersion = 46;
	objects = {

/* Begin PBXBuildFile section */
		6C9A3BB5183DD48E000CF981 /* UIKit.framework in Frameworks */ = {isa = PBXBuildFile; fileRef = 6C9A3BB4183DD48E000CF981 /* UIKit.framework */; };
		6C9A3BB7183DD48E000CF981 /* Foundation.framework in Frameworks */ = {isa = PBXBuildFile; fileRef = 6C9A3BB6183DD48E000CF981 /* Foundation.framework */; };
		6C9A3BB9183DD48E000CF981 /* CoreGraphics.framework in Frameworks */ = {isa = PBXBuildFile; fileRef = 6C9A3BB8183DD48E000CF981 /* CoreGraphics.framework */; };
		6C9A3BBF183DD48E000CF981 /* InfoPlist.strings in Resources */ = {isa = PBXBuildFile; fileRef = 6C9A3BBD183DD48E000CF981 /* InfoPlist.strings */; };
		6C9A3BC1183DD48E000CF981 /* main.m in Sources */ = {isa = PBXBuildFile; fileRef = 6C9A3BC0183DD48E000CF981 /* main.m */; };
		6C9A3BC5183DD48E000CF981 /* AppDelegate.m in Sources */ = {isa = PBXBuildFile; fileRef = 6C9A3BC4183DD48E000CF981 /* AppDelegate.m */; };
		6C9A3BC7183DD48E000CF981 /* Default.png in Resources */ = {isa = PBXBuildFile; fileRef = 6C9A3BC6183DD48E000CF981 /* Default.png */; };
		6C9A3BC9183DD48E000CF981 /* Default@2x.png in Resources */ = {isa = PBXBuildFile; fileRef = 6C9A3BC8183DD48E000CF981 /* Default@2x.png */; };
		6C9A3BCB183DD48E000CF981 /* Default-568h@2x.png in Resources */ = {isa = PBXBuildFile; fileRef = 6C9A3BCA183DD48E000CF981 /* Default-568h@2x.png */; };
		6C9A3BCE183DD48E000CF981 /* MainStoryboard.storyboard in Resources */ = {isa = PBXBuildFile; fileRef = 6C9A3BCC183DD48E000CF981 /* MainStoryboard.storyboard */; };
		6C9A3BD1183DD48F000CF981 /* ViewController.m in Sources */ = {isa = PBXBuildFile; fileRef = 6C9A3BD0183DD48F000CF981 /* ViewController.m */; };
		6C9A3BD9183DD48F000CF981 /* SenTestingKit.framework in Frameworks */ = {isa = PBXBuildFile; fileRef = 6C9A3BD8183DD48F000CF981 /* SenTestingKit.framework */; };
		6C9A3BDA183DD48F000CF981 /* UIKit.framework in Frameworks */ = {isa = PBXBuildFile; fileRef = 6C9A3BB4183DD48E000CF981 /* UIKit.framework */; };
		6C9A3BDB183DD48F000CF981 /* Foundation.framework in Frameworks */ = {isa = PBXBuildFile; fileRef = 6C9A3BB6183DD48E000CF981 /* Foundation.framework */; };
		6C9A3BE3183DD48F000CF981 /* InfoPlist.strings in Resources */ = {isa = PBXBuildFile; fileRef = 6C9A3BE1183DD48F000CF981 /* InfoPlist.strings */; };
		6C9A3BE6183DD48F000CF981 /* dentakuTests.m in Sources */ = {isa = PBXBuildFile; fileRef = 6C9A3BE5183DD48F000CF981 /* dentakuTests.m */; };
/* End PBXBuildFile section */

/* Begin PBXContainerItemProxy section */
		6C9A3BDC183DD48F000CF981 /* PBXContainerItemProxy */ = {
			isa = PBXContainerItemProxy;
			containerPortal = 6C9A3BA9183DD48E000CF981 /* Project object */;
			proxyType = 1;
			remoteGlobalIDString = 6C9A3BB0183DD48E000CF981;
			remoteInfo = dentaku;
		};
/* End PBXContainerItemProxy section */

/* Begin PBXFileReference section */
		6C9A3BB1183DD48E000CF981 /* dentaku.app */ = {isa = PBXFileReference; explicitFileType = wrapper.application; includeInIndex = 0; path = dentaku.app; sourceTree = BUILT_PRODUCTS_DIR; };
		6C9A3BB4183DD48E000CF981 /* UIKit.framework */ = {isa = PBXFileReference; lastKnownFileType = wrapper.framework; name = UIKit.framework; path = System/Library/Frameworks/UIKit.framework; sourceTree = SDKROOT; };
		6C9A3BB6183DD48E000CF981 /* Foundation.framework */ = {isa = PBXFileReference; lastKnownFileType = wrapper.framework; name = Foundation.framework; path = System/Library/Frameworks/Foundation.framework; sourceTree = SDKROOT; };
		6C9A3BB8183DD48E000CF981 /* CoreGraphics.framework */ = {isa = PBXFileReference; lastKnownFileType = wrapper.framework; name = CoreGraphics.framework; path = System/Library/Frameworks/CoreGraphics.framework; sourceTree = SDKROOT; };
		6C9A3BBC183DD48E000CF981 /* dentaku-Info.plist */ = {isa = PBXFileReference; lastKnownFileType = text.plist.xml; path = "dentaku-Info.plist"; sourceTree = "<group>"; };
		6C9A3BBE183DD48E000CF981 /* en */ = {isa = PBXFileReference; lastKnownFileType = text.plist.strings; name = en; path = en.lproj/InfoPlist.strings; sourceTree = "<group>"; };
		6C9A3BC0183DD48E000CF981 /* main.m */ = {isa = PBXFileReference; lastKnownFileType = sourcecode.c.objc; path = main.m; sourceTree = "<group>"; };
		6C9A3BC2183DD48E000CF981 /* dentaku-Prefix.pch */ = {isa = PBXFileReference; lastKnownFileType = sourcecode.c.h; path = "dentaku-Prefix.pch"; sourceTree = "<group>"; };
		6C9A3BC3183DD48E000CF981 /* AppDelegate.h */ = {isa = PBXFileReference; lastKnownFileType = sourcecode.c.h; path = AppDelegate.h; sourceTree = "<group>"; };
		6C9A3BC4183DD48E000CF981 /* AppDelegate.m */ = {isa = PBXFileReference; lastKnownFileType = sourcecode.c.objc; path = AppDelegate.m; sourceTree = "<group>"; };
		6C9A3BC6183DD48E000CF981 /* Default.png */ = {isa = PBXFileReference; lastKnownFileType = image.png; path = Default.png; sourceTree = "<group>"; };
		6C9A3BC8183DD48E000CF981 /* Default@2x.png */ = {isa = PBXFileReference; lastKnownFileType = image.png; path = "Default@2x.png"; sourceTree = "<group>"; };
		6C9A3BCA183DD48E000CF981 /* Default-568h@2x.png */ = {isa = PBXFileReference; lastKnownFileType = image.png; path = "Default-568h@2x.png"; sourceTree = "<group>"; };
		6C9A3BCD183DD48E000CF981 /* en */ = {isa = PBXFileReference; lastKnownFileType = file.storyboard; name = en; path = en.lproj/MainStoryboard.storyboard; sourceTree = "<group>"; };
		6C9A3BCF183DD48F000CF981 /* ViewController.h */ = {isa = PBXFileReference; lastKnownFileType = sourcecode.c.h; path = ViewController.h; sourceTree = "<group>"; };
		6C9A3BD0183DD48F000CF981 /* ViewController.m */ = {isa = PBXFileReference; lastKnownFileType = sourcecode.c.objc; path = ViewController.m; sourceTree = "<group>"; };
		6C9A3BD7183DD48F000CF981 /* dentakuTests.octest */ = {isa = PBXFileReference; explicitFileType = wrapper.cfbundle; includeInIndex = 0; path = dentakuTests.octest; sourceTree = BUILT_PRODUCTS_DIR; };
		6C9A3BD8183DD48F000CF981 /* SenTestingKit.framework */ = {isa = PBXFileReference; lastKnownFileType = wrapper.framework; name = SenTestingKit.framework; path = Library/Frameworks/SenTestingKit.framework; sourceTree = DEVELOPER_DIR; };
		6C9A3BE0183DD48F000CF981 /* dentakuTests-Info.plist */ = {isa = PBXFileReference; lastKnownFileType = text.plist.xml; path = "dentakuTests-Info.plist"; sourceTree = "<group>"; };
		6C9A3BE2183DD48F000CF981 /* en */ = {isa = PBXFileReference; lastKnownFileType = text.plist.strings; name = en; path = en.lproj/InfoPlist.strings; sourceTree = "<group>"; };
		6C9A3BE4183DD48F000CF981 /* dentakuTests.h */ = {isa = PBXFileReference; lastKnownFileType = sourcecode.c.h; path = dentakuTests.h; sourceTree = "<group>"; };
		6C9A3BE5183DD48F000CF981 /* dentakuTests.m */ = {isa = PBXFileReference; lastKnownFileType = sourcecode.c.objc; path = dentakuTests.m; sourceTree = "<group>"; };
/* End PBXFileReference section */

/* Begin PBXFrameworksBuildPhase section */
		6C9A3BAE183DD48E000CF981 /* Frameworks */ = {
			isa = PBXFrameworksBuildPhase;
			buildActionMask = 2147483647;
			files = (
				6C9A3BB5183DD48E000CF981 /* UIKit.framework in Frameworks */,
				6C9A3BB7183DD48E000CF981 /* Foundation.framework in Frameworks */,
				6C9A3BB9183DD48E000CF981 /* CoreGraphics.framework in Frameworks */,
			);
			runOnlyForDeploymentPostprocessing = 0;
		};
		6C9A3BD3183DD48F000CF981 /* Frameworks */ = {
			isa = PBXFrameworksBuildPhase;
			buildActionMask = 2147483647;
			files = (
				6C9A3BD9183DD48F000CF981 /* SenTestingKit.framework in Frameworks */,
				6C9A3BDA183DD48F000CF981 /* UIKit.framework in Frameworks */,
				6C9A3BDB183DD48F000CF981 /* Foundation.framework in Frameworks */,
			);
			runOnlyForDeploymentPostprocessing = 0;
		};
/* End PBXFrameworksBuildPhase section */

/* Begin PBXGroup section */
		6C9A3BA8183DD48E000CF981 = {
			isa = PBXGroup;
			children = (
				6C9A3BBA183DD48E000CF981 /* dentaku */,
				6C9A3BDE183DD48F000CF981 /* dentakuTests */,
				6C9A3BB3183DD48E000CF981 /* Frameworks */,
				6C9A3BB2183DD48E000CF981 /* Products */,
			);
			sourceTree = "<group>";
		};
		6C9A3BB2183DD48E000CF981 /* Products */ = {
			isa = PBXGroup;
			children = (
				6C9A3BB1183DD48E000CF981 /* dentaku.app */,
				6C9A3BD7183DD48F000CF981 /* dentakuTests.octest */,
			);
			name = Products;
			sourceTree = "<group>";
		};
		6C9A3BB3183DD48E000CF981 /* Frameworks */ = {
			isa = PBXGroup;
			children = (
				6C9A3BB4183DD48E000CF981 /* UIKit.framework */,
				6C9A3BB6183DD48E000CF981 /* Foundation.framework */,
				6C9A3BB8183DD48E000CF981 /* CoreGraphics.framework */,
				6C9A3BD8183DD48F000CF981 /* SenTestingKit.framework */,
			);
			name = Frameworks;
			sourceTree = "<group>";
		};
		6C9A3BBA183DD48E000CF981 /* dentaku */ = {
			isa = PBXGroup;
			children = (
				6C9A3BC3183DD48E000CF981 /* AppDelegate.h */,
				6C9A3BC4183DD48E000CF981 /* AppDelegate.m */,
				6C9A3BCC183DD48E000CF981 /* MainStoryboard.storyboard */,
				6C9A3BCF183DD48F000CF981 /* ViewController.h */,
				6C9A3BD0183DD48F000CF981 /* ViewController.m */,
				6C9A3BBB183DD48E000CF981 /* Supporting Files */,
			);
			path = dentaku;
			sourceTree = "<group>";
		};
		6C9A3BBB183DD48E000CF981 /* Supporting Files */ = {
			isa = PBXGroup;
			children = (
				6C9A3BBC183DD48E000CF981 /* dentaku-Info.plist */,
				6C9A3BBD183DD48E000CF981 /* InfoPlist.strings */,
				6C9A3BC0183DD48E000CF981 /* main.m */,
				6C9A3BC2183DD48E000CF981 /* dentaku-Prefix.pch */,
				6C9A3BC6183DD48E000CF981 /* Default.png */,
				6C9A3BC8183DD48E000CF981 /* Default@2x.png */,
				6C9A3BCA183DD48E000CF981 /* Default-568h@2x.png */,
			);
			name = "Supporting Files";
			sourceTree = "<group>";
		};
		6C9A3BDE183DD48F000CF981 /* dentakuTests */ = {
			isa = PBXGroup;
			children = (
				6C9A3BE4183DD48F000CF981 /* dentakuTests.h */,
				6C9A3BE5183DD48F000CF981 /* dentakuTests.m */,
				6C9A3BDF183DD48F000CF981 /* Supporting Files */,
			);
			path = dentakuTests;
			sourceTree = "<group>";
		};
		6C9A3BDF183DD48F000CF981 /* Supporting Files */ = {
			isa = PBXGroup;
			children = (
				6C9A3BE0183DD48F000CF981 /* dentakuTests-Info.plist */,
				6C9A3BE1183DD48F000CF981 /* InfoPlist.strings */,
			);
			name = "Supporting Files";
			sourceTree = "<group>";
		};
/* End PBXGroup section */

/* Begin PBXNativeTarget section */
		6C9A3BB0183DD48E000CF981 /* dentaku */ = {
			isa = PBXNativeTarget;
			buildConfigurationList = 6C9A3BE9183DD48F000CF981 /* Build configuration list for PBXNativeTarget "dentaku" */;
			buildPhases = (
				6C9A3BAD183DD48E000CF981 /* Sources */,
				6C9A3BAE183DD48E000CF981 /* Frameworks */,
				6C9A3BAF183DD48E000CF981 /* Resources */,
			);
			buildRules = (
			);
			dependencies = (
			);
			name = dentaku;
			productName = dentaku;
			productReference = 6C9A3BB1183DD48E000CF981 /* dentaku.app */;
			productType = "com.apple.product-type.application";
		};
		6C9A3BD6183DD48F000CF981 /* dentakuTests */ = {
			isa = PBXNativeTarget;
			buildConfigurationList = 6C9A3BEC183DD48F000CF981 /* Build configuration list for PBXNativeTarget "dentakuTests" */;
			buildPhases = (
				6C9A3BD2183DD48F000CF981 /* Sources */,
				6C9A3BD3183DD48F000CF981 /* Frameworks */,
				6C9A3BD4183DD48F000CF981 /* Resources */,
				6C9A3BD5183DD48F000CF981 /* ShellScript */,
			);
			buildRules = (
			);
			dependencies = (
				6C9A3BDD183DD48F000CF981 /* PBXTargetDependency */,
			);
			name = dentakuTests;
			productName = dentakuTests;
			productReference = 6C9A3BD7183DD48F000CF981 /* dentakuTests.octest */;
			productType = "com.apple.product-type.bundle";
		};
/* End PBXNativeTarget section */

/* Begin PBXProject section */
		6C9A3BA9183DD48E000CF981 /* Project object */ = {
			isa = PBXProject;
			attributes = {
				LastUpgradeCheck = 0460;
				ORGANIZATIONNAME = "univercity of kitakyu";
			};
			buildConfigurationList = 6C9A3BAC183DD48E000CF981 /* Build configuration list for PBXProject "dentaku" */;
			compatibilityVersion = "Xcode 3.2";
			developmentRegion = English;
			hasScannedForEncodings = 0;
			knownRegions = (
				en,
			);
			mainGroup = 6C9A3BA8183DD48E000CF981;
			productRefGroup = 6C9A3BB2183DD48E000CF981 /* Products */;
			projectDirPath = "";
			projectRoot = "";
			targets = (
				6C9A3BB0183DD48E000CF981 /* dentaku */,
				6C9A3BD6183DD48F000CF981 /* dentakuTests */,
			);
		};
/* End PBXProject section */

/* Begin PBXResourcesBuildPhase section */
		6C9A3BAF183DD48E000CF981 /* Resources */ = {
			isa = PBXResourcesBuildPhase;
			buildActionMask = 2147483647;
			files = (
				6C9A3BBF183DD48E000CF981 /* InfoPlist.strings in Resources */,
				6C9A3BC7183DD48E000CF981 /* Default.png in Resources */,
				6C9A3BC9183DD48E000CF981 /* Default@2x.png in Resources */,
				6C9A3BCB183DD48E000CF981 /* Default-568h@2x.png in Resources */,
				6C9A3BCE183DD48E000CF981 /* MainStoryboard.storyboard in Resources */,
			);
			runOnlyForDeploymentPostprocessing = 0;
		};
		6C9A3BD4183DD48F000CF981 /* Resources */ = {
			isa = PBXResourcesBuildPhase;
			buildActionMask = 2147483647;
			files = (
				6C9A3BE3183DD48F000CF981 /* InfoPlist.strings in Resources */,
			);
			runOnlyForDeploymentPostprocessing = 0;
		};
/* End PBXResourcesBuildPhase section */

/* Begin PBXShellScriptBuildPhase section */
		6C9A3BD5183DD48F000CF981 /* ShellScript */ = {
			isa = PBXShellScriptBuildPhase;
			buildActionMask = 2147483647;
			files = (
			);
			inputPaths = (
			);
			outputPaths = (
			);
			runOnlyForDeploymentPostprocessing = 0;
			shellPath = /bin/sh;
			shellScript = "# Run the unit tests in this test bundle.\n\"${SYSTEM_DEVELOPER_DIR}/Tools/RunUnitTests\"\n";
		};
/* End PBXShellScriptBuildPhase section */

/* Begin PBXSourcesBuildPhase section */
		6C9A3BAD183DD48E000CF981 /* Sources */ = {
			isa = PBXSourcesBuildPhase;
			buildActionMask = 2147483647;
			files = (
				6C9A3BC1183DD48E000CF981 /* main.m in Sources */,
				6C9A3BC5183DD48E000CF981 /* AppDelegate.m in Sources */,
				6C9A3BD1183DD48F000CF981 /* ViewController.m in Sources */,
			);
			runOnlyForDeploymentPostprocessing = 0;
		};
		6C9A3BD2183DD48F000CF981 /* Sources */ = {
			isa = PBXSourcesBuildPhase;
			buildActionMask = 2147483647;
			files = (
				6C9A3BE6183DD48F000CF981 /* dentakuTests.m in Sources */,
			);
			runOnlyForDeploymentPostprocessing = 0;
		};
/* End PBXSourcesBuildPhase section */

/* Begin PBXTargetDependency section */
		6C9A3BDD183DD48F000CF981 /* PBXTargetDependency */ = {
			isa = PBXTargetDependency;
			target = 6C9A3BB0183DD48E000CF981 /* dentaku */;
			targetProxy = 6C9A3BDC183DD48F000CF981 /* PBXContainerItemProxy */;
		};
/* End PBXTargetDependency section */

/* Begin PBXVariantGroup section */
		6C9A3BBD183DD48E000CF981 /* InfoPlist.strings */ = {
			isa = PBXVariantGroup;
			children = (
				6C9A3BBE183DD48E000CF981 /* en */,
			);
			name = InfoPlist.strings;
			sourceTree = "<group>";
		};
		6C9A3BCC183DD48E000CF981 /* MainStoryboard.storyboard */ = {
			isa = PBXVariantGroup;
			children = (
				6C9A3BCD183DD48E000CF981 /* en */,
			);
			name = MainStoryboard.storyboard;
			sourceTree = "<group>";
		};
		6C9A3BE1183DD48F000CF981 /* InfoPlist.strings */ = {
			isa = PBXVariantGroup;
			children = (
				6C9A3BE2183DD48F000CF981 /* en */,
			);
			name = InfoPlist.strings;
			sourceTree = "<group>";
		};
/* End PBXVariantGroup section */

/* Begin XCBuildConfiguration section */
		6C9A3BE7183DD48F000CF981 /* Debug */ = {
			isa = XCBuildConfiguration;
			buildSettings = {
				ALWAYS_SEARCH_USER_PATHS = NO;
				CLANG_CXX_LANGUAGE_STANDARD = "gnu++0x";
				CLANG_CXX_LIBRARY = "libc++";
				CLANG_ENABLE_OBJC_ARC = YES;
				CLANG_WARN_CONSTANT_CONVERSION = YES;
				CLANG_WARN_EMPTY_BODY = YES;
				CLANG_WARN_ENUM_CONVERSION = YES;
				CLANG_WARN_INT_CONVERSION = YES;
				CLANG_WARN__DUPLICATE_METHOD_MATCH = YES;
				"CODE_SIGN_IDENTITY[sdk=iphoneos*]" = "iPhone Developer";
				COPY_PHASE_STRIP = NO;
				GCC_C_LANGUAGE_STANDARD = gnu99;
				GCC_DYNAMIC_NO_PIC = NO;
				GCC_OPTIMIZATION_LEVEL = 0;
				GCC_PREPROCESSOR_DEFINITIONS = (
					"DEBUG=1",
					"$(inherited)",
				);
				GCC_SYMBOLS_PRIVATE_EXTERN = NO;
				GCC_WARN_ABOUT_RETURN_TYPE = YES;
				GCC_WARN_UNINITIALIZED_AUTOS = YES;
				GCC_WARN_UNUSED_VARIABLE = YES;
				IPHONEOS_DEPLOYMENT_TARGET = 6.1;
				ONLY_ACTIVE_ARCH = YES;
				SDKROOT = iphoneos;
			};
			name = Debug;
		};
		6C9A3BE8183DD48F000CF981 /* Release */ = {
			isa = XCBuildConfiguration;
			buildSettings = {
				ALWAYS_SEARCH_USER_PATHS = NO;
				CLANG_CXX_LANGUAGE_STANDARD = "gnu++0x";
				CLANG_CXX_LIBRARY = "libc++";
				CLANG_ENABLE_OBJC_ARC = YES;
				CLANG_WARN_CONSTANT_CONVERSION = YES;
				CLANG_WARN_EMPTY_BODY = YES;
				CLANG_WARN_ENUM_CONVERSION = YES;
				CLANG_WARN_INT_CONVERSION = YES;
				CLANG_WARN__DUPLICATE_METHOD_MATCH = YES;
				"CODE_SIGN_IDENTITY[sdk=iphoneos*]" = "iPhone Developer";
				COPY_PHASE_STRIP = YES;
				GCC_C_LANGUAGE_STANDARD = gnu99;
				GCC_WARN_ABOUT_RETURN_TYPE = YES;
				GCC_WARN_UNINITIALIZED_AUTOS = YES;
				GCC_WARN_UNUSED_VARIABLE = YES;
				IPHONEOS_DEPLOYMENT_TARGET = 6.1;
				OTHER_CFLAGS = "-DNS_BLOCK_ASSERTIONS=1";
				SDKROOT = iphoneos;
				VALIDATE_PRODUCT = YES;
			};
			name = Release;
		};
		6C9A3BEA183DD48F000CF981 /* Debug */ = {
			isa = XCBuildConfiguration;
			buildSettings = {
				GCC_PRECOMPILE_PREFIX_HEADER = YES;
				GCC_PREFIX_HEADER = "dentaku/dentaku-Prefix.pch";
				INFOPLIST_FILE = "dentaku/dentaku-Info.plist";
				PRODUCT_NAME = "$(TARGET_NAME)";
				WRAPPER_EXTENSION = app;
			};
			name = Debug;
		};
		6C9A3BEB183DD48F000CF981 /* Release */ = {
			isa = XCBuildConfiguration;
			buildSettings = {
				GCC_PRECOMPILE_PREFIX_HEADER = YES;
				GCC_PREFIX_HEADER = "dentaku/dentaku-Prefix.pch";
				INFOPLIST_FILE = "dentaku/dentaku-Info.plist";
				PRODUCT_NAME = "$(TARGET_NAME)";
				WRAPPER_EXTENSION = app;
			};
			name = Release;
		};
		6C9A3BED183DD48F000CF981 /* Debug */ = {
			isa = XCBuildConfiguration;
			buildSettings = {
				BUNDLE_LOADER = "$(BUILT_PRODUCTS_DIR)/dentaku.app/dentaku";
				FRAMEWORK_SEARCH_PATHS = (
					"\"$(SDKROOT)/Developer/Library/Frameworks\"",
					"\"$(DEVELOPER_LIBRARY_DIR)/Frameworks\"",
				);
				GCC_PRECOMPILE_PREFIX_HEADER = YES;
				GCC_PREFIX_HEADER = "dentaku/dentaku-Prefix.pch";
				INFOPLIST_FILE = "dentakuTests/dentakuTests-Info.plist";
				PRODUCT_NAME = "$(TARGET_NAME)";
				TEST_HOST = "$(BUNDLE_LOADER)";
				WRAPPER_EXTENSION = octest;
			};
			name = Debug;
		};
		6C9A3BEE183DD48F000CF981 /* Release */ = {
			isa = XCBuildConfiguration;
			buildSettings = {
				BUNDLE_LOADER = "$(BUILT_PRODUCTS_DIR)/dentaku.app/dentaku";
				FRAMEWORK_SEARCH_PATHS = (
					"\"$(SDKROOT)/Developer/Library/Frameworks\"",
					"\"$(DEVELOPER_LIBRARY_DIR)/Frameworks\"",
				);
				GCC_PRECOMPILE_PREFIX_HEADER = YES;
				GCC_PREFIX_HEADER = "dentaku/dentaku-Prefix.pch";
				INFOPLIST_FILE = "dentakuTests/dentakuTests-Info.plist";
				PRODUCT_NAME = "$(TARGET_NAME)";
				TEST_HOST = "$(BUNDLE_LOADER)";
				WRAPPER_EXTENSION = octest;
			};
			name = Release;
		};
/* End XCBuildConfiguration section */

/* Begin XCConfigurationList section */
		6C9A3BAC183DD48E000CF981 /* Build configuration list for PBXProject "dentaku" */ = {
			isa = XCConfigurationList;
			buildConfigurations = (
				6C9A3BE7183DD48F000CF981 /* Debug */,
				6C9A3BE8183DD48F000CF981 /* Release */,
			);
			defaultConfigurationIsVisible = 0;
			defaultConfigurationName = Release;
		};
		6C9A3BE9183DD48F000CF981 /* Build configuration list for PBXNativeTarget "dentaku" */ = {
			isa = XCConfigurationList;
			buildConfigurations = (
				6C9A3BEA183DD48F000CF981 /* Debug */,
				6C9A3BEB183DD48F000CF981 /* Release */,
			);
			defaultConfigurationIsVisible = 0;
		};
		6C9A3BEC183DD48F000CF981 /* Build configuration list for PBXNativeTarget "dentakuTests" */ = {
			isa = XCConfigurationList;
			buildConfigurations = (
				6C9A3BED183DD48F000CF981 /* Debug */,
				6C9A3BEE183DD48F000CF981 /* Release */,
			);
			defaultConfigurationIsVisible = 0;
		};
/* End XCConfigurationList section */
	};
	rootObject = 6C9A3BA9183DD48E000CF981 /* Project object */;
}
